
Microsoft Visual Studio Solution File, Format Version 12.00
# Visual Studio Version 17
VisualStudioVersion = 17.0.31903.59
MinimumVisualStudioVersion = 10.0.40219.1
Project("{FAE04EC0-301F-11D3-BF4B-00C04F79EFBC}") = "Slobby Xploits", "Slobby Xploits\Slobby Xploits.csproj", "{6009BAB3-7AF7-4EB2-BD53-441F8DA5E50C}"
EndProject
Global
	GlobalSection(SolutionConfigurationPlatforms) = preSolution
		Debug|Any CPU = Debug|Any CPU
		Release|Any CPU = Release|Any CPU
	EndGlobalSection
	GlobalSection(ProjectConfigurationPlatforms) = postSolution
		{6009BAB3-7AF7-4EB2-BD53-441F8DA5E50C}.Debug|Any CPU.ActiveCfg = Debug|Any CPU
		{6009BAB3-7AF7-4EB2-BD53-441F8DA5E50C}.Debug|Any CPU.Build.0 = Debug|Any CPU
		{6009BAB3-7AF7-4EB2-BD53-441F8DA5E50C}.Release|Any CPU.ActiveCfg = Release|Any CPU
		{6009BAB3-7AF7-4EB2-BD53-441F8DA5E50C}.Release|Any CPU.Build.0 = Release|Any CPU
	EndGlobalSection
	GlobalSection(SolutionProperties) = preSolution
		HideSolutionNode = FALSE
	EndGlobalSection
EndGlobal
